
Microsoft Visual Studio Solution File, Format Version 12.00
# Visual Studio Version 16
VisualStudioVersion = 16.0.31613.86
MinimumVisualStudioVersion = 10.0.40219.1
Project("{FAE04EC0-301F-11D3-BF4B-00C04F79EFBC}") = "DemoInheritance", "DemoInheritance.csproj", "{524C7C21-7CC9-4C51-B66C-66FFF13CBE7A}"
EndProject
Global
	GlobalSection(SolutionConfigurationPlatforms) = preSolution
		Debug|Any CPU = Debug|Any CPU
		Release|Any CPU = Release|Any CPU
	EndGlobalSection
	GlobalSection(ProjectConfigurationPlatforms) = postSolution
		{524C7C21-7CC9-4C51-B66C-66FFF13CBE7A}.Debug|Any CPU.ActiveCfg = Debug|Any CPU
		{524C7C21-7CC9-4C51-B66C-66FFF13CBE7A}.Debug|Any CPU.Build.0 = Debug|Any CPU
		{524C7C21-7CC9-4C51-B66C-66FFF13CBE7A}.Release|Any CPU.ActiveCfg = Release|Any CPU
		{524C7C21-7CC9-4C51-B66C-66FFF13CBE7A}.Release|Any CPU.Build.0 = Release|Any CPU
	EndGlobalSection
	GlobalSection(SolutionProperties) = preSolution
		HideSolutionNode = FALSE
	EndGlobalSection
	GlobalSection(ExtensibilityGlobals) = postSolution
		SolutionGuid = {7F7341CB-52A0-4C38-BD6B-F702251C404E}
	EndGlobalSection
EndGlobal
