
Microsoft Visual Studio Solution File, Format Version 12.00
# Visual Studio Version 16
VisualStudioVersion = 16.0.31702.278
MinimumVisualStudioVersion = 10.0.40219.1
Project("{FAE04EC0-301F-11D3-BF4B-00C04F79EFBC}") = "DupValuesInArray", "DupValuesInArray.csproj", "{EFF82353-B90D-44E2-9B59-329906DADC6F}"
EndProject
Global
	GlobalSection(SolutionConfigurationPlatforms) = preSolution
		Debug|Any CPU = Debug|Any CPU
		Release|Any CPU = Release|Any CPU
	EndGlobalSection
	GlobalSection(ProjectConfigurationPlatforms) = postSolution
		{EFF82353-B90D-44E2-9B59-329906DADC6F}.Debug|Any CPU.ActiveCfg = Debug|Any CPU
		{EFF82353-B90D-44E2-9B59-329906DADC6F}.Debug|Any CPU.Build.0 = Debug|Any CPU
		{EFF82353-B90D-44E2-9B59-329906DADC6F}.Release|Any CPU.ActiveCfg = Release|Any CPU
		{EFF82353-B90D-44E2-9B59-329906DADC6F}.Release|Any CPU.Build.0 = Release|Any CPU
	EndGlobalSection
	GlobalSection(SolutionProperties) = preSolution
		HideSolutionNode = FALSE
	EndGlobalSection
	GlobalSection(ExtensibilityGlobals) = postSolution
		SolutionGuid = {EF9FE795-DD7D-4021-BAB8-213FBFA1D0F6}
	EndGlobalSection
EndGlobal
