
Microsoft Visual Studio Solution File, Format Version 12.00
# Visual Studio Version 16
VisualStudioVersion = 16.0.31624.102
MinimumVisualStudioVersion = 10.0.40219.1
Project("{FAE04EC0-301F-11D3-BF4B-00C04F79EFBC}") = "DemoThead", "DemoThead.csproj", "{A1680D77-DAE3-4B35-8D16-E18D9058CAA4}"
EndProject
Global
	GlobalSection(SolutionConfigurationPlatforms) = preSolution
		Debug|Any CPU = Debug|Any CPU
		Release|Any CPU = Release|Any CPU
	EndGlobalSection
	GlobalSection(ProjectConfigurationPlatforms) = postSolution
		{A1680D77-DAE3-4B35-8D16-E18D9058CAA4}.Debug|Any CPU.ActiveCfg = Debug|Any CPU
		{A1680D77-DAE3-4B35-8D16-E18D9058CAA4}.Debug|Any CPU.Build.0 = Debug|Any CPU
		{A1680D77-DAE3-4B35-8D16-E18D9058CAA4}.Release|Any CPU.ActiveCfg = Release|Any CPU
		{A1680D77-DAE3-4B35-8D16-E18D9058CAA4}.Release|Any CPU.Build.0 = Release|Any CPU
	EndGlobalSection
	GlobalSection(SolutionProperties) = preSolution
		HideSolutionNode = FALSE
	EndGlobalSection
	GlobalSection(ExtensibilityGlobals) = postSolution
		SolutionGuid = {27431048-8B06-405E-B522-46D455E3FC74}
	EndGlobalSection
EndGlobal
