
Microsoft Visual Studio Solution File, Format Version 12.00
# Visual Studio Version 16
VisualStudioVersion = 16.0.31702.278
MinimumVisualStudioVersion = 10.0.40219.1
Project("{FAE04EC0-301F-11D3-BF4B-00C04F79EFBC}") = "PalindromeCheck", "PalindromeCheck.csproj", "{9951AF42-6864-47C1-A357-AA73761FF10B}"
EndProject
Global
	GlobalSection(SolutionConfigurationPlatforms) = preSolution
		Debug|Any CPU = Debug|Any CPU
		Release|Any CPU = Release|Any CPU
	EndGlobalSection
	GlobalSection(ProjectConfigurationPlatforms) = postSolution
		{9951AF42-6864-47C1-A357-AA73761FF10B}.Debug|Any CPU.ActiveCfg = Debug|Any CPU
		{9951AF42-6864-47C1-A357-AA73761FF10B}.Debug|Any CPU.Build.0 = Debug|Any CPU
		{9951AF42-6864-47C1-A357-AA73761FF10B}.Release|Any CPU.ActiveCfg = Release|Any CPU
		{9951AF42-6864-47C1-A357-AA73761FF10B}.Release|Any CPU.Build.0 = Release|Any CPU
	EndGlobalSection
	GlobalSection(SolutionProperties) = preSolution
		HideSolutionNode = FALSE
	EndGlobalSection
	GlobalSection(ExtensibilityGlobals) = postSolution
		SolutionGuid = {63E6F23D-3E2F-43D0-AD96-11F2634E3C8E}
	EndGlobalSection
EndGlobal
