
Microsoft Visual Studio Solution File, Format Version 12.00
# Visual Studio Version 16
VisualStudioVersion = 16.0.31624.102
MinimumVisualStudioVersion = 10.0.40219.1
Project("{FAE04EC0-301F-11D3-BF4B-00C04F79EFBC}") = "AppointSchedulerApp", "AppointSchedulerApp.csproj", "{4238609F-D147-4E14-89CB-6414829F138F}"
EndProject
Global
	GlobalSection(SolutionConfigurationPlatforms) = preSolution
		Debug|Any CPU = Debug|Any CPU
		Release|Any CPU = Release|Any CPU
	EndGlobalSection
	GlobalSection(ProjectConfigurationPlatforms) = postSolution
		{4238609F-D147-4E14-89CB-6414829F138F}.Debug|Any CPU.ActiveCfg = Debug|Any CPU
		{4238609F-D147-4E14-89CB-6414829F138F}.Debug|Any CPU.Build.0 = Debug|Any CPU
		{4238609F-D147-4E14-89CB-6414829F138F}.Release|Any CPU.ActiveCfg = Release|Any CPU
		{4238609F-D147-4E14-89CB-6414829F138F}.Release|Any CPU.Build.0 = Release|Any CPU
	EndGlobalSection
	GlobalSection(SolutionProperties) = preSolution
		HideSolutionNode = FALSE
	EndGlobalSection
	GlobalSection(ExtensibilityGlobals) = postSolution
		SolutionGuid = {13E56A33-228E-41DA-915C-96FD735C4997}
	EndGlobalSection
EndGlobal
