
Microsoft Visual Studio Solution File, Format Version 12.00
# Visual Studio Version 16
VisualStudioVersion = 16.0.31613.86
MinimumVisualStudioVersion = 10.0.40219.1
Project("{FAE04EC0-301F-11D3-BF4B-00C04F79EFBC}") = "DemoFileIO", "DemoFileIO.csproj", "{0BF7C473-BA34-4B5B-95B9-6523B0940651}"
EndProject
Global
	GlobalSection(SolutionConfigurationPlatforms) = preSolution
		Debug|Any CPU = Debug|Any CPU
		Release|Any CPU = Release|Any CPU
	EndGlobalSection
	GlobalSection(ProjectConfigurationPlatforms) = postSolution
		{0BF7C473-BA34-4B5B-95B9-6523B0940651}.Debug|Any CPU.ActiveCfg = Debug|Any CPU
		{0BF7C473-BA34-4B5B-95B9-6523B0940651}.Debug|Any CPU.Build.0 = Debug|Any CPU
		{0BF7C473-BA34-4B5B-95B9-6523B0940651}.Release|Any CPU.ActiveCfg = Release|Any CPU
		{0BF7C473-BA34-4B5B-95B9-6523B0940651}.Release|Any CPU.Build.0 = Release|Any CPU
	EndGlobalSection
	GlobalSection(SolutionProperties) = preSolution
		HideSolutionNode = FALSE
	EndGlobalSection
	GlobalSection(ExtensibilityGlobals) = postSolution
		SolutionGuid = {AB262CF9-F915-4F5A-9841-29222CF06C79}
	EndGlobalSection
EndGlobal
